{
  "name": "capn-web-auth0-demo",
  "version": "1.0.0",
  "lockfileVersion": 3,
  "requires": true,
  "packages": {
    "": {
      "name": "capn-web-auth0-demo",
      "version": "1.0.0",
      "license": "MIT",
      "dependencies": {
        "@auth0/auth0-api-js": "^1.0.0",
        "capnweb": "^0.1.0",
        "dotenv": "^17.2.2",
        "ws": "^8.18.0"
      },
      "devDependencies": {
        "@types/node": "^20.0.0",
        "typescript": "^5.0.0"
      },
      "engines": {
        "node": ">=18.0.0",
        "npm": ">=9.0.0"
      }
    },
    "node_modules/@auth0/auth0-api-js": {
      "version": "1.1.0",
      "resolved": "https://registry.npmjs.org/@auth0/auth0-api-js/-/auth0-api-js-1.1.0.tgz",
      "integrity": "sha512-i7NDLyDlOkxC9QEXHVxxQt3KoUdKlRfijsa/eitsAVFnQNOYuWhBNtGDYMSQ5enWnTtyMPOCAXUOCLfoLB07Eg==",
      "license": "MIT",
      "dependencies": {
        "@auth0/auth0-auth-js": "^1.1.0",
        "jose": "^6.0.8",
        "oauth4webapi": "^3.3.0"
      }
    },
    "node_modules/@auth0/auth0-auth-js": {
      "version": "1.1.0",
      "resolved": "https://registry.npmjs.org/@auth0/auth0-auth-js/-/auth0-auth-js-1.1.0.tgz",
      "integrity": "sha512-AGv60cY8/maMa2DQooa+MfJjSOYuHL0mOOIC9FbyqnMt0k4Vo08qpsNLlAHtWTK2VrAZZYP20jnZS6Ds/Apz/Q==",
      "license": "MIT",
      "dependencies": {
        "jose": "^6.0.8",
        "openid-client": "^6.8.0"
      }
    },
    "node_modules/@types/node": {
      "version": "20.19.17",
      "resolved": "https://registry.npmjs.org/@types/node/-/node-20.19.17.tgz",
      "integrity": "sha512-gfehUI8N1z92kygssiuWvLiwcbOB3IRktR6hTDgJlXMYh5OvkPSRmgfoBUmfZt+vhwJtX7v1Yw4KvvAf7c5QKQ==",
      "dev": true,
      "license": "MIT",
      "dependencies": {
        "undici-types": "~6.21.0"
      }
    },
    "node_modules/capnweb": {
      "version": "0.1.0",
      "resolved": "https://registry.npmjs.org/capnweb/-/capnweb-0.1.0.tgz",
      "integrity": "sha512-+pygKx1JFTZTRdd1hHgaBRg5BwULEDZq8ZoHXkYP2GXNV3lrjXLj5qzlGz+SgBCJjWUmNBtlh7JPWdr0wIbY8w==",
      "license": "MIT"
    },
    "node_modules/dotenv": {
      "version": "17.2.2",
      "resolved": "https://registry.npmjs.org/dotenv/-/dotenv-17.2.2.tgz",
      "integrity": "sha512-Sf2LSQP+bOlhKWWyhFsn0UsfdK/kCWRv1iuA2gXAwt3dyNabr6QSj00I2V10pidqz69soatm9ZwZvpQMTIOd5Q==",
      "license": "BSD-2-Clause",
      "engines": {
        "node": ">=12"
      },
      "funding": {
        "url": "https://dotenvx.com"
      }
    },
    "node_modules/jose": {
      "version": "6.1.0",
      "resolved": "https://registry.npmjs.org/jose/-/jose-6.1.0.tgz",
      "integrity": "sha512-TTQJyoEoKcC1lscpVDCSsVgYzUDg/0Bt3WE//WiTPK6uOCQC2KZS4MpugbMWt/zyjkopgZoXhZuCi00gLudfUA==",
      "license": "MIT",
      "funding": {
        "url": "https://github.com/sponsors/panva"
      }
    },
    "node_modules/oauth4webapi": {
      "version": "3.8.2",
      "resolved": "https://registry.npmjs.org/oauth4webapi/-/oauth4webapi-3.8.2.tgz",
      "integrity": "sha512-FzZZ+bht5X0FKe7Mwz3DAVAmlH1BV5blSak/lHMBKz0/EBMhX6B10GlQYI51+oRp8ObJaX0g6pXrAxZh5s8rjw==",
      "license": "MIT",
      "funding": {
        "url": "https://github.com/sponsors/panva"
      }
    },
    "node_modules/openid-client": {
      "version": "6.8.1",
      "resolved": "https://registry.npmjs.org/openid-client/-/openid-client-6.8.1.tgz",
      "integrity": "sha512-VoYT6enBo6Vj2j3Q5Ec0AezS+9YGzQo1f5Xc42lreMGlfP4ljiXPKVDvCADh+XHCV/bqPu/wWSiCVXbJKvrODw==",
      "license": "MIT",
      "dependencies": {
        "jose": "^6.1.0",
        "oauth4webapi": "^3.8.2"
      },
      "funding": {
        "url": "https://github.com/sponsors/panva"
      }
    },
    "node_modules/typescript": {
      "version": "5.9.2",
      "resolved": "https://registry.npmjs.org/typescript/-/typescript-5.9.2.tgz",
      "integrity": "sha512-CWBzXQrc/qOkhidw1OzBTQuYRbfyxDXJMVJ1XNwUHGROVmuaeiEm3OslpZ1RV96d7SKKjZKrSJu3+t/xlw3R9A==",
      "dev": true,
      "license": "Apache-2.0",
      "bin": {
        "tsc": "bin/tsc",
        "tsserver": "bin/tsserver"
      },
      "engines": {
        "node": ">=14.17"
      }
    },
    "node_modules/undici-types": {
      "version": "6.21.0",
      "resolved": "https://registry.npmjs.org/undici-types/-/undici-types-6.21.0.tgz",
      "integrity": "sha512-iwDZqg0QAGrg9Rav5H4n0M64c3mkR59cJ6wQp+7C4nI0gsmExaedaYLNO44eT4AtBBwjbTiGPMlt2Md0T9H9JQ==",
      "dev": true,
      "license": "MIT"
    },
    "node_modules/ws": {
      "version": "8.18.3",
      "resolved": "https://registry.npmjs.org/ws/-/ws-8.18.3.tgz",
      "integrity": "sha512-PEIGCY5tSlUt50cqyMXfCzX+oOPqN0vuGqWzbcJ2xvnkzkq46oOpz7dQaTDBdfICb4N14+GARUDw2XV2N4tvzg==",
      "license": "MIT",
      "engines": {
        "node": ">=10.0.0"
      },
      "peerDependencies": {
        "bufferutil": "^4.0.1",
        "utf-8-validate": ">=5.0.2"
      },
      "peerDependenciesMeta": {
        "bufferutil": {
          "optional": true
        },
        "utf-8-validate": {
          "optional": true
        }
      }
    }
  }
}
